// !$*UTF8*$!
{
	archiveVersion = 1;
	classes = {
	};
	objectVersion = 46;
	objects = {

/* Begin PBXBuildFile section */
		F832FEEF19F723F200179AA7 /* main.m in Sources */ = {isa = PBXBuildFile; fileRef = F832FEEE19F723F200179AA7 /* main.m */; };
		F832FEF219F723F200179AA7 /* AppDelegate.m in Sources */ = {isa = PBXBuildFile; fileRef = F832FEF119F723F200179AA7 /* AppDelegate.m */; };
		F832FEF519F723F200179AA7 /* ViewController.m in Sources */ = {isa = PBXBuildFile; fileRef = F832FEF419F723F200179AA7 /* ViewController.m */; };
		F832FEF819F723F200179AA7 /* Main.storyboard in Resources */ = {isa = PBXBuildFile; fileRef = F832FEF619F723F200179AA7 /* Main.storyboard */; };
		F832FEFA19F723F200179AA7 /* Images.xcassets in Resources */ = {isa = PBXBuildFile; fileRef = F832FEF919F723F200179AA7 /* Images.xcassets */; };
		F832FEFD19F723F200179AA7 /* LaunchScreen.xib in Resources */ = {isa = PBXBuildFile; fileRef = F832FEFB19F723F200179AA7 /* LaunchScreen.xib */; };
		F832FF0919F723F300179AA7 /* ValidarEdadTests.m in Sources */ = {isa = PBXBuildFile; fileRef = F832FF0819F723F300179AA7 /* ValidarEdadTests.m */; };
		F832FF1419F724D600179AA7 /* User.m in Sources */ = {isa = PBXBuildFile; fileRef = F832FF1319F724D600179AA7 /* User.m */; };
/* End PBXBuildFile section */

/* Begin PBXContainerItemProxy section */
		F832FF0319F723F300179AA7 /* PBXContainerItemProxy */ = {
			isa = PBXContainerItemProxy;
			containerPortal = F832FEE119F723F200179AA7 /* Project object */;
			proxyType = 1;
			remoteGlobalIDString = F832FEE819F723F200179AA7;
			remoteInfo = ValidarEdad;
		};
/* End PBXContainerItemProxy section */

/* Begin PBXFileReference section */
		F832FEE919F723F200179AA7 /* ValidarEdad.app */ = {isa = PBXFileReference; explicitFileType = wrapper.application; includeInIndex = 0; path = ValidarEdad.app; sourceTree = BUILT_PRODUCTS_DIR; };
		F832FEED19F723F200179AA7 /* Info.plist */ = {isa = PBXFileReference; lastKnownFileType = text.plist.xml; path = Info.plist; sourceTree = "<group>"; };
		F832FEEE19F723F200179AA7 /* main.m */ = {isa = PBXFileReference; lastKnownFileType = sourcecode.c.objc; path = main.m; sourceTree = "<group>"; };
		F832FEF019F723F200179AA7 /* AppDelegate.h */ = {isa = PBXFileReference; lastKnownFileType = sourcecode.c.h; path = AppDelegate.h; sourceTree = "<group>"; };
		F832FEF119F723F200179AA7 /* AppDelegate.m */ = {isa = PBXFileReference; lastKnownFileType = sourcecode.c.objc; path = AppDelegate.m; sourceTree = "<group>"; };
		F832FEF319F723F200179AA7 /* ViewController.h */ = {isa = PBXFileReference; lastKnownFileType = sourcecode.c.h; path = ViewController.h; sourceTree = "<group>"; };
		F832FEF419F723F200179AA7 /* ViewController.m */ = {isa = PBXFileReference; lastKnownFileType = sourcecode.c.objc; path = ViewController.m; sourceTree = "<group>"; };
		F832FEF719F723F200179AA7 /* Base */ = {isa = PBXFileReference; lastKnownFileType = file.storyboard; name = Base; path = Base.lproj/Main.storyboard; sourceTree = "<group>"; };
		F832FEF919F723F200179AA7 /* Images.xcassets */ = {isa = PBXFileReference; lastKnownFileType = folder.assetcatalog; path = Images.xcassets; sourceTree = "<group>"; };
		F832FEFC19F723F200179AA7 /* Base */ = {isa = PBXFileReference; lastKnownFileType = file.xib; name = Base; path = Base.lproj/LaunchScreen.xib; sourceTree = "<group>"; };
		F832FF0219F723F300179AA7 /* ValidarEdadTests.xctest */ = {isa = PBXFileReference; explicitFileType = wrapper.cfbundle; includeInIndex = 0; path = ValidarEdadTests.xctest; sourceTree = BUILT_PRODUCTS_DIR; };
		F832FF0719F723F300179AA7 /* Info.plist */ = {isa = PBXFileReference; lastKnownFileType = text.plist.xml; path = Info.plist; sourceTree = "<group>"; };
		F832FF0819F723F300179AA7 /* ValidarEdadTests.m */ = {isa = PBXFileReference; lastKnownFileType = sourcecode.c.objc; path = ValidarEdadTests.m; sourceTree = "<group>"; };
		F832FF1219F724D600179AA7 /* User.h */ = {isa = PBXFileReference; fileEncoding = 4; lastKnownFileType = sourcecode.c.h; path = User.h; sourceTree = "<group>"; };
		F832FF1319F724D600179AA7 /* User.m */ = {isa = PBXFileReference; fileEncoding = 4; lastKnownFileType = sourcecode.c.objc; path = User.m; sourceTree = "<group>"; };
/* End PBXFileReference section */

/* Begin PBXFrameworksBuildPhase section */
		F832FEE619F723F200179AA7 /* Frameworks */ = {
			isa = PBXFrameworksBuildPhase;
			buildActionMask = 2147483647;
			files = (
			);
			runOnlyForDeploymentPostprocessing = 0;
		};
		F832FEFF19F723F300179AA7 /* Frameworks */ = {
			isa = PBXFrameworksBuildPhase;
			buildActionMask = 2147483647;
			files = (
			);
			runOnlyForDeploymentPostprocessing = 0;
		};
/* End PBXFrameworksBuildPhase section */

/* Begin PBXGroup section */
		F832FEE019F723F200179AA7 = {
			isa = PBXGroup;
			children = (
				F832FF1219F724D600179AA7 /* User.h */,
				F832FF1319F724D600179AA7 /* User.m */,
				F832FEEB19F723F200179AA7 /* ValidarEdad */,
				F832FF0519F723F300179AA7 /* ValidarEdadTests */,
				F832FEEA19F723F200179AA7 /* Products */,
			);
			sourceTree = "<group>";
		};
		F832FEEA19F723F200179AA7 /* Products */ = {
			isa = PBXGroup;
			children = (
				F832FEE919F723F200179AA7 /* ValidarEdad.app */,
				F832FF0219F723F300179AA7 /* ValidarEdadTests.xctest */,
			);
			name = Products;
			sourceTree = "<group>";
		};
		F832FEEB19F723F200179AA7 /* ValidarEdad */ = {
			isa = PBXGroup;
			children = (
				F832FEF019F723F200179AA7 /* AppDelegate.h */,
				F832FEF119F723F200179AA7 /* AppDelegate.m */,
				F832FEF319F723F200179AA7 /* ViewController.h */,
				F832FEF419F723F200179AA7 /* ViewController.m */,
				F832FEF619F723F200179AA7 /* Main.storyboard */,
				F832FEF919F723F200179AA7 /* Images.xcassets */,
				F832FEFB19F723F200179AA7 /* LaunchScreen.xib */,
				F832FEEC19F723F200179AA7 /* Supporting Files */,
			);
			path = ValidarEdad;
			sourceTree = "<group>";
		};
		F832FEEC19F723F200179AA7 /* Supporting Files */ = {
			isa = PBXGroup;
			children = (
				F832FEED19F723F200179AA7 /* Info.plist */,
				F832FEEE19F723F200179AA7 /* main.m */,
			);
			name = "Supporting Files";
			sourceTree = "<group>";
		};
		F832FF0519F723F300179AA7 /* ValidarEdadTests */ = {
			isa = PBXGroup;
			children = (
				F832FF0819F723F300179AA7 /* ValidarEdadTests.m */,
				F832FF0619F723F300179AA7 /* Supporting Files */,
			);
			path = ValidarEdadTests;
			sourceTree = "<group>";
		};
		F832FF0619F723F300179AA7 /* Supporting Files */ = {
			isa = PBXGroup;
			children = (
				F832FF0719F723F300179AA7 /* Info.plist */,
			);
			name = "Supporting Files";
			sourceTree = "<group>";
		};
/* End PBXGroup section */

/* Begin PBXNativeTarget section */
		F832FEE819F723F200179AA7 /* ValidarEdad */ = {
			isa = PBXNativeTarget;
			buildConfigurationList = F832FF0C19F723F300179AA7 /* Build configuration list for PBXNativeTarget "ValidarEdad" */;
			buildPhases = (
				F832FEE519F723F200179AA7 /* Sources */,
				F832FEE619F723F200179AA7 /* Frameworks */,
				F832FEE719F723F200179AA7 /* Resources */,
			);
			buildRules = (
			);
			dependencies = (
			);
			name = ValidarEdad;
			productName = ValidarEdad;
			productReference = F832FEE919F723F200179AA7 /* ValidarEdad.app */;
			productType = "com.apple.product-type.application";
		};
		F832FF0119F723F300179AA7 /* ValidarEdadTests */ = {
			isa = PBXNativeTarget;
			buildConfigurationList = F832FF0F19F723F300179AA7 /* Build configuration list for PBXNativeTarget "ValidarEdadTests" */;
			buildPhases = (
				F832FEFE19F723F300179AA7 /* Sources */,
				F832FEFF19F723F300179AA7 /* Frameworks */,
				F832FF0019F723F300179AA7 /* Resources */,
			);
			buildRules = (
			);
			dependencies = (
				F832FF0419F723F300179AA7 /* PBXTargetDependency */,
			);
			name = ValidarEdadTests;
			productName = ValidarEdadTests;
			productReference = F832FF0219F723F300179AA7 /* ValidarEdadTests.xctest */;
			productType = "com.apple.product-type.bundle.unit-test";
		};
/* End PBXNativeTarget section */

/* Begin PBXProject section */
		F832FEE119F723F200179AA7 /* Project object */ = {
			isa = PBXProject;
			attributes = {
				LastUpgradeCheck = 0610;
				ORGANIZATIONNAME = Profesor;
				TargetAttributes = {
					F832FEE819F723F200179AA7 = {
						CreatedOnToolsVersion = 6.1;
					};
					F832FF0119F723F300179AA7 = {
						CreatedOnToolsVersion = 6.1;
						TestTargetID = F832FEE819F723F200179AA7;
					};
				};
			};
			buildConfigurationList = F832FEE419F723F200179AA7 /* Build configuration list for PBXProject "ValidarEdad" */;
			compatibilityVersion = "Xcode 3.2";
			developmentRegion = English;
			hasScannedForEncodings = 0;
			knownRegions = (
				en,
				Base,
			);
			mainGroup = F832FEE019F723F200179AA7;
			productRefGroup = F832FEEA19F723F200179AA7 /* Products */;
			projectDirPath = "";
			projectRoot = "";
			targets = (
				F832FEE819F723F200179AA7 /* ValidarEdad */,
				F832FF0119F723F300179AA7 /* ValidarEdadTests */,
			);
		};
/* End PBXProject section */

/* Begin PBXResourcesBuildPhase section */
		F832FEE719F723F200179AA7 /* Resources */ = {
			isa = PBXResourcesBuildPhase;
			buildActionMask = 2147483647;
			files = (
				F832FEF819F723F200179AA7 /* Main.storyboard in Resources */,
				F832FEFD19F723F200179AA7 /* LaunchScreen.xib in Resources */,
				F832FEFA19F723F200179AA7 /* Images.xcassets in Resources */,
			);
			runOnlyForDeploymentPostprocessing = 0;
		};
		F832FF0019F723F300179AA7 /* Resources */ = {
			isa = PBXResourcesBuildPhase;
			buildActionMask = 2147483647;
			files = (
			);
			runOnlyForDeploymentPostprocessing = 0;
		};
/* End PBXResourcesBuildPhase section */

/* Begin PBXSourcesBuildPhase section */
		F832FEE519F723F200179AA7 /* Sources */ = {
			isa = PBXSourcesBuildPhase;
			buildActionMask = 2147483647;
			files = (
				F832FF1419F724D600179AA7 /* User.m in Sources */,
				F832FEF519F723F200179AA7 /* ViewController.m in Sources */,
				F832FEF219F723F200179AA7 /* AppDelegate.m in Sources */,
				F832FEEF19F723F200179AA7 /* main.m in Sources */,
			);
			runOnlyForDeploymentPostprocessing = 0;
		};
		F832FEFE19F723F300179AA7 /* Sources */ = {
			isa = PBXSourcesBuildPhase;
			buildActionMask = 2147483647;
			files = (
				F832FF0919F723F300179AA7 /* ValidarEdadTests.m in Sources */,
			);
			runOnlyForDeploymentPostprocessing = 0;
		};
/* End PBXSourcesBuildPhase section */

/* Begin PBXTargetDependency section */
		F832FF0419F723F300179AA7 /* PBXTargetDependency */ = {
			isa = PBXTargetDependency;
			target = F832FEE819F723F200179AA7 /* ValidarEdad */;
			targetProxy = F832FF0319F723F300179AA7 /* PBXContainerItemProxy */;
		};
/* End PBXTargetDependency section */

/* Begin PBXVariantGroup section */
		F832FEF619F723F200179AA7 /* Main.storyboard */ = {
			isa = PBXVariantGroup;
			children = (
				F832FEF719F723F200179AA7 /* Base */,
			);
			name = Main.storyboard;
			sourceTree = "<group>";
		};
		F832FEFB19F723F200179AA7 /* LaunchScreen.xib */ = {
			isa = PBXVariantGroup;
			children = (
				F832FEFC19F723F200179AA7 /* Base */,
			);
			name = LaunchScreen.xib;
			sourceTree = "<group>";
		};
/* End PBXVariantGroup section */

/* Begin XCBuildConfiguration section */
		F832FF0A19F723F300179AA7 /* Debug */ = {
			isa = XCBuildConfiguration;
			buildSettings = {
				ALWAYS_SEARCH_USER_PATHS = NO;
				CLANG_CXX_LANGUAGE_STANDARD = "gnu++0x";
				CLANG_CXX_LIBRARY = "libc++";
				CLANG_ENABLE_MODULES = YES;
				CLANG_ENABLE_OBJC_ARC = YES;
				CLANG_WARN_BOOL_CONVERSION = YES;
				CLANG_WARN_CONSTANT_CONVERSION = YES;
				CLANG_WARN_DIRECT_OBJC_ISA_USAGE = YES_ERROR;
				CLANG_WARN_EMPTY_BODY = YES;
				CLANG_WARN_ENUM_CONVERSION = YES;
				CLANG_WARN_INT_CONVERSION = YES;
				CLANG_WARN_OBJC_ROOT_CLASS = YES_ERROR;
				CLANG_WARN_UNREACHABLE_CODE = YES;
				CLANG_WARN__DUPLICATE_METHOD_MATCH = YES;
				"CODE_SIGN_IDENTITY[sdk=iphoneos*]" = "iPhone Developer";
				COPY_PHASE_STRIP = NO;
				ENABLE_STRICT_OBJC_MSGSEND = YES;
				GCC_C_LANGUAGE_STANDARD = gnu99;
				GCC_DYNAMIC_NO_PIC = NO;
				GCC_OPTIMIZATION_LEVEL = 0;
				GCC_PREPROCESSOR_DEFINITIONS = (
					"DEBUG=1",
					"$(inherited)",
				);
				GCC_SYMBOLS_PRIVATE_EXTERN = NO;
				GCC_WARN_64_TO_32_BIT_CONVERSION = YES;
				GCC_WARN_ABOUT_RETURN_TYPE = YES_ERROR;
				GCC_WARN_UNDECLARED_SELECTOR = YES;
				GCC_WARN_UNINITIALIZED_AUTOS = YES_AGGRESSIVE;
				GCC_WARN_UNUSED_FUNCTION = YES;
				GCC_WARN_UNUSED_VARIABLE = YES;
				IPHONEOS_DEPLOYMENT_TARGET = 8.1;
				MTL_ENABLE_DEBUG_INFO = YES;
				ONLY_ACTIVE_ARCH = YES;
				SDKROOT = iphoneos;
			};
			name = Debug;
		};
		F832FF0B19F723F300179AA7 /* Release */ = {
			isa = XCBuildConfiguration;
			buildSettings = {
				ALWAYS_SEARCH_USER_PATHS = NO;
				CLANG_CXX_LANGUAGE_STANDARD = "gnu++0x";
				CLANG_CXX_LIBRARY = "libc++";
				CLANG_ENABLE_MODULES = YES;
				CLANG_ENABLE_OBJC_ARC = YES;
				CLANG_WARN_BOOL_CONVERSION = YES;
				CLANG_WARN_CONSTANT_CONVERSION = YES;
				CLANG_WARN_DIRECT_OBJC_ISA_USAGE = YES_ERROR;
				CLANG_WARN_EMPTY_BODY = YES;
				CLANG_WARN_ENUM_CONVERSION = YES;
				CLANG_WARN_INT_CONVERSION = YES;
				CLANG_WARN_OBJC_ROOT_CLASS = YES_ERROR;
				CLANG_WARN_UNREACHABLE_CODE = YES;
				CLANG_WARN__DUPLICATE_METHOD_MATCH = YES;
				"CODE_SIGN_IDENTITY[sdk=iphoneos*]" = "iPhone Developer";
				COPY_PHASE_STRIP = YES;
				ENABLE_NS_ASSERTIONS = NO;
				ENABLE_STRICT_OBJC_MSGSEND = YES;
				GCC_C_LANGUAGE_STANDARD = gnu99;
				GCC_WARN_64_TO_32_BIT_CONVERSION = YES;
				GCC_WARN_ABOUT_RETURN_TYPE = YES_ERROR;
				GCC_WARN_UNDECLARED_SELECTOR = YES;
				GCC_WARN_UNINITIALIZED_AUTOS = YES_AGGRESSIVE;
				GCC_WARN_UNUSED_FUNCTION = YES;
				GCC_WARN_UNUSED_VARIABLE = YES;
				IPHONEOS_DEPLOYMENT_TARGET = 8.1;
				MTL_ENABLE_DEBUG_INFO = NO;
				SDKROOT = iphoneos;
				VALIDATE_PRODUCT = YES;
			};
			name = Release;
		};
		F832FF0D19F723F300179AA7 /* Debug */ = {
			isa = XCBuildConfiguration;
			buildSettings = {
				ASSETCATALOG_COMPILER_APPICON_NAME = AppIcon;
				INFOPLIST_FILE = ValidarEdad/Info.plist;
				LD_RUNPATH_SEARCH_PATHS = "$(inherited) @executable_path/Frameworks";
				PRODUCT_NAME = "$(TARGET_NAME)";
			};
			name = Debug;
		};
		F832FF0E19F723F300179AA7 /* Release */ = {
			isa = XCBuildConfiguration;
			buildSettings = {
				ASSETCATALOG_COMPILER_APPICON_NAME = AppIcon;
				INFOPLIST_FILE = ValidarEdad/Info.plist;
				LD_RUNPATH_SEARCH_PATHS = "$(inherited) @executable_path/Frameworks";
				PRODUCT_NAME = "$(TARGET_NAME)";
			};
			name = Release;
		};
		F832FF1019F723F300179AA7 /* Debug */ = {
			isa = XCBuildConfiguration;
			buildSettings = {
				BUNDLE_LOADER = "$(TEST_HOST)";
				FRAMEWORK_SEARCH_PATHS = (
					"$(SDKROOT)/Developer/Library/Frameworks",
					"$(inherited)",
				);
				GCC_PREPROCESSOR_DEFINITIONS = (
					"DEBUG=1",
					"$(inherited)",
				);
				INFOPLIST_FILE = ValidarEdadTests/Info.plist;
				LD_RUNPATH_SEARCH_PATHS = "$(inherited) @executable_path/Frameworks @loader_path/Frameworks";
				PRODUCT_NAME = "$(TARGET_NAME)";
				TEST_HOST = "$(BUILT_PRODUCTS_DIR)/ValidarEdad.app/ValidarEdad";
			};
			name = Debug;
		};
		F832FF1119F723F300179AA7 /* Release */ = {
			isa = XCBuildConfiguration;
			buildSettings = {
				BUNDLE_LOADER = "$(TEST_HOST)";
				FRAMEWORK_SEARCH_PATHS = (
					"$(SDKROOT)/Developer/Library/Frameworks",
					"$(inherited)",
				);
				INFOPLIST_FILE = ValidarEdadTests/Info.plist;
				LD_RUNPATH_SEARCH_PATHS = "$(inherited) @executable_path/Frameworks @loader_path/Frameworks";
				PRODUCT_NAME = "$(TARGET_NAME)";
				TEST_HOST = "$(BUILT_PRODUCTS_DIR)/ValidarEdad.app/ValidarEdad";
			};
			name = Release;
		};
/* End XCBuildConfiguration section */

/* Begin XCConfigurationList section */
		F832FEE419F723F200179AA7 /* Build configuration list for PBXProject "ValidarEdad" */ = {
			isa = XCConfigurationList;
			buildConfigurations = (
				F832FF0A19F723F300179AA7 /* Debug */,
				F832FF0B19F723F300179AA7 /* Release */,
			);
			defaultConfigurationIsVisible = 0;
			defaultConfigurationName = Release;
		};
		F832FF0C19F723F300179AA7 /* Build configuration list for PBXNativeTarget "ValidarEdad" */ = {
			isa = XCConfigurationList;
			buildConfigurations = (
				F832FF0D19F723F300179AA7 /* Debug */,
				F832FF0E19F723F300179AA7 /* Release */,
			);
			defaultConfigurationIsVisible = 0;
		};
		F832FF0F19F723F300179AA7 /* Build configuration list for PBXNativeTarget "ValidarEdadTests" */ = {
			isa = XCConfigurationList;
			buildConfigurations = (
				F832FF1019F723F300179AA7 /* Debug */,
				F832FF1119F723F300179AA7 /* Release */,
			);
			defaultConfigurationIsVisible = 0;
		};
/* End XCConfigurationList section */
	};
	rootObject = F832FEE119F723F200179AA7 /* Project object */;
}
