// !$*UTF8*$!
{
	archiveVersion = 1;
	classes = {
	};
	objectVersion = 46;
	objects = {

/* Begin PBXBuildFile section */
		F8B2390F1A0C39C900EDF456 /* main.m in Sources */ = {isa = PBXBuildFile; fileRef = F8B2390E1A0C39C900EDF456 /* main.m */; };
		F8B239121A0C39C900EDF456 /* AppDelegate.m in Sources */ = {isa = PBXBuildFile; fileRef = F8B239111A0C39C900EDF456 /* AppDelegate.m */; };
		F8B239151A0C39C900EDF456 /* ViewController.m in Sources */ = {isa = PBXBuildFile; fileRef = F8B239141A0C39C900EDF456 /* ViewController.m */; };
		F8B239181A0C39C900EDF456 /* Main.storyboard in Resources */ = {isa = PBXBuildFile; fileRef = F8B239161A0C39C900EDF456 /* Main.storyboard */; };
		F8B2391A1A0C39C900EDF456 /* Images.xcassets in Resources */ = {isa = PBXBuildFile; fileRef = F8B239191A0C39C900EDF456 /* Images.xcassets */; };
		F8B2391D1A0C39C900EDF456 /* LaunchScreen.xib in Resources */ = {isa = PBXBuildFile; fileRef = F8B2391B1A0C39C900EDF456 /* LaunchScreen.xib */; };
		F8B239291A0C39C900EDF456 /* CalendarTests.m in Sources */ = {isa = PBXBuildFile; fileRef = F8B239281A0C39C900EDF456 /* CalendarTests.m */; };
		F8B239341A0C3B8D00EDF456 /* CalendarViewController.m in Sources */ = {isa = PBXBuildFile; fileRef = F8B239331A0C3B8D00EDF456 /* CalendarViewController.m */; };
		F8B239371A0C3CEC00EDF456 /* Model.m in Sources */ = {isa = PBXBuildFile; fileRef = F8B239361A0C3CEC00EDF456 /* Model.m */; };
/* End PBXBuildFile section */

/* Begin PBXContainerItemProxy section */
		F8B239231A0C39C900EDF456 /* PBXContainerItemProxy */ = {
			isa = PBXContainerItemProxy;
			containerPortal = F8B239011A0C39C900EDF456 /* Project object */;
			proxyType = 1;
			remoteGlobalIDString = F8B239081A0C39C900EDF456;
			remoteInfo = Calendar;
		};
/* End PBXContainerItemProxy section */

/* Begin PBXFileReference section */
		F8B239091A0C39C900EDF456 /* Calendar.app */ = {isa = PBXFileReference; explicitFileType = wrapper.application; includeInIndex = 0; path = Calendar.app; sourceTree = BUILT_PRODUCTS_DIR; };
		F8B2390D1A0C39C900EDF456 /* Info.plist */ = {isa = PBXFileReference; lastKnownFileType = text.plist.xml; path = Info.plist; sourceTree = "<group>"; };
		F8B2390E1A0C39C900EDF456 /* main.m */ = {isa = PBXFileReference; lastKnownFileType = sourcecode.c.objc; path = main.m; sourceTree = "<group>"; };
		F8B239101A0C39C900EDF456 /* AppDelegate.h */ = {isa = PBXFileReference; lastKnownFileType = sourcecode.c.h; path = AppDelegate.h; sourceTree = "<group>"; };
		F8B239111A0C39C900EDF456 /* AppDelegate.m */ = {isa = PBXFileReference; lastKnownFileType = sourcecode.c.objc; path = AppDelegate.m; sourceTree = "<group>"; };
		F8B239131A0C39C900EDF456 /* ViewController.h */ = {isa = PBXFileReference; lastKnownFileType = sourcecode.c.h; path = ViewController.h; sourceTree = "<group>"; };
		F8B239141A0C39C900EDF456 /* ViewController.m */ = {isa = PBXFileReference; lastKnownFileType = sourcecode.c.objc; path = ViewController.m; sourceTree = "<group>"; };
		F8B239171A0C39C900EDF456 /* Base */ = {isa = PBXFileReference; lastKnownFileType = file.storyboard; name = Base; path = Base.lproj/Main.storyboard; sourceTree = "<group>"; };
		F8B239191A0C39C900EDF456 /* Images.xcassets */ = {isa = PBXFileReference; lastKnownFileType = folder.assetcatalog; path = Images.xcassets; sourceTree = "<group>"; };
		F8B2391C1A0C39C900EDF456 /* Base */ = {isa = PBXFileReference; lastKnownFileType = file.xib; name = Base; path = Base.lproj/LaunchScreen.xib; sourceTree = "<group>"; };
		F8B239221A0C39C900EDF456 /* CalendarTests.xctest */ = {isa = PBXFileReference; explicitFileType = wrapper.cfbundle; includeInIndex = 0; path = CalendarTests.xctest; sourceTree = BUILT_PRODUCTS_DIR; };
		F8B239271A0C39C900EDF456 /* Info.plist */ = {isa = PBXFileReference; lastKnownFileType = text.plist.xml; path = Info.plist; sourceTree = "<group>"; };
		F8B239281A0C39C900EDF456 /* CalendarTests.m */ = {isa = PBXFileReference; lastKnownFileType = sourcecode.c.objc; path = CalendarTests.m; sourceTree = "<group>"; };
		F8B239321A0C3B8D00EDF456 /* CalendarViewController.h */ = {isa = PBXFileReference; fileEncoding = 4; lastKnownFileType = sourcecode.c.h; path = CalendarViewController.h; sourceTree = "<group>"; };
		F8B239331A0C3B8D00EDF456 /* CalendarViewController.m */ = {isa = PBXFileReference; fileEncoding = 4; lastKnownFileType = sourcecode.c.objc; path = CalendarViewController.m; sourceTree = "<group>"; };
		F8B239351A0C3CEC00EDF456 /* Model.h */ = {isa = PBXFileReference; fileEncoding = 4; lastKnownFileType = sourcecode.c.h; path = Model.h; sourceTree = "<group>"; };
		F8B239361A0C3CEC00EDF456 /* Model.m */ = {isa = PBXFileReference; fileEncoding = 4; lastKnownFileType = sourcecode.c.objc; path = Model.m; sourceTree = "<group>"; };
/* End PBXFileReference section */

/* Begin PBXFrameworksBuildPhase section */
		F8B239061A0C39C900EDF456 /* Frameworks */ = {
			isa = PBXFrameworksBuildPhase;
			buildActionMask = 2147483647;
			files = (
			);
			runOnlyForDeploymentPostprocessing = 0;
		};
		F8B2391F1A0C39C900EDF456 /* Frameworks */ = {
			isa = PBXFrameworksBuildPhase;
			buildActionMask = 2147483647;
			files = (
			);
			runOnlyForDeploymentPostprocessing = 0;
		};
/* End PBXFrameworksBuildPhase section */

/* Begin PBXGroup section */
		F8B239001A0C39C900EDF456 = {
			isa = PBXGroup;
			children = (
				F8B239351A0C3CEC00EDF456 /* Model.h */,
				F8B239361A0C3CEC00EDF456 /* Model.m */,
				F8B239321A0C3B8D00EDF456 /* CalendarViewController.h */,
				F8B239331A0C3B8D00EDF456 /* CalendarViewController.m */,
				F8B2390B1A0C39C900EDF456 /* Calendar */,
				F8B239251A0C39C900EDF456 /* CalendarTests */,
				F8B2390A1A0C39C900EDF456 /* Products */,
			);
			sourceTree = "<group>";
		};
		F8B2390A1A0C39C900EDF456 /* Products */ = {
			isa = PBXGroup;
			children = (
				F8B239091A0C39C900EDF456 /* Calendar.app */,
				F8B239221A0C39C900EDF456 /* CalendarTests.xctest */,
			);
			name = Products;
			sourceTree = "<group>";
		};
		F8B2390B1A0C39C900EDF456 /* Calendar */ = {
			isa = PBXGroup;
			children = (
				F8B239101A0C39C900EDF456 /* AppDelegate.h */,
				F8B239111A0C39C900EDF456 /* AppDelegate.m */,
				F8B239131A0C39C900EDF456 /* ViewController.h */,
				F8B239141A0C39C900EDF456 /* ViewController.m */,
				F8B239161A0C39C900EDF456 /* Main.storyboard */,
				F8B239191A0C39C900EDF456 /* Images.xcassets */,
				F8B2391B1A0C39C900EDF456 /* LaunchScreen.xib */,
				F8B2390C1A0C39C900EDF456 /* Supporting Files */,
			);
			path = Calendar;
			sourceTree = "<group>";
		};
		F8B2390C1A0C39C900EDF456 /* Supporting Files */ = {
			isa = PBXGroup;
			children = (
				F8B2390D1A0C39C900EDF456 /* Info.plist */,
				F8B2390E1A0C39C900EDF456 /* main.m */,
			);
			name = "Supporting Files";
			sourceTree = "<group>";
		};
		F8B239251A0C39C900EDF456 /* CalendarTests */ = {
			isa = PBXGroup;
			children = (
				F8B239281A0C39C900EDF456 /* CalendarTests.m */,
				F8B239261A0C39C900EDF456 /* Supporting Files */,
			);
			path = CalendarTests;
			sourceTree = "<group>";
		};
		F8B239261A0C39C900EDF456 /* Supporting Files */ = {
			isa = PBXGroup;
			children = (
				F8B239271A0C39C900EDF456 /* Info.plist */,
			);
			name = "Supporting Files";
			sourceTree = "<group>";
		};
/* End PBXGroup section */

/* Begin PBXNativeTarget section */
		F8B239081A0C39C900EDF456 /* Calendar */ = {
			isa = PBXNativeTarget;
			buildConfigurationList = F8B2392C1A0C39C900EDF456 /* Build configuration list for PBXNativeTarget "Calendar" */;
			buildPhases = (
				F8B239051A0C39C900EDF456 /* Sources */,
				F8B239061A0C39C900EDF456 /* Frameworks */,
				F8B239071A0C39C900EDF456 /* Resources */,
			);
			buildRules = (
			);
			dependencies = (
			);
			name = Calendar;
			productName = Calendar;
			productReference = F8B239091A0C39C900EDF456 /* Calendar.app */;
			productType = "com.apple.product-type.application";
		};
		F8B239211A0C39C900EDF456 /* CalendarTests */ = {
			isa = PBXNativeTarget;
			buildConfigurationList = F8B2392F1A0C39C900EDF456 /* Build configuration list for PBXNativeTarget "CalendarTests" */;
			buildPhases = (
				F8B2391E1A0C39C900EDF456 /* Sources */,
				F8B2391F1A0C39C900EDF456 /* Frameworks */,
				F8B239201A0C39C900EDF456 /* Resources */,
			);
			buildRules = (
			);
			dependencies = (
				F8B239241A0C39C900EDF456 /* PBXTargetDependency */,
			);
			name = CalendarTests;
			productName = CalendarTests;
			productReference = F8B239221A0C39C900EDF456 /* CalendarTests.xctest */;
			productType = "com.apple.product-type.bundle.unit-test";
		};
/* End PBXNativeTarget section */

/* Begin PBXProject section */
		F8B239011A0C39C900EDF456 /* Project object */ = {
			isa = PBXProject;
			attributes = {
				LastUpgradeCheck = 0610;
				ORGANIZATIONNAME = Profesor;
				TargetAttributes = {
					F8B239081A0C39C900EDF456 = {
						CreatedOnToolsVersion = 6.1;
					};
					F8B239211A0C39C900EDF456 = {
						CreatedOnToolsVersion = 6.1;
						TestTargetID = F8B239081A0C39C900EDF456;
					};
				};
			};
			buildConfigurationList = F8B239041A0C39C900EDF456 /* Build configuration list for PBXProject "Calendar" */;
			compatibilityVersion = "Xcode 3.2";
			developmentRegion = English;
			hasScannedForEncodings = 0;
			knownRegions = (
				en,
				Base,
			);
			mainGroup = F8B239001A0C39C900EDF456;
			productRefGroup = F8B2390A1A0C39C900EDF456 /* Products */;
			projectDirPath = "";
			projectRoot = "";
			targets = (
				F8B239081A0C39C900EDF456 /* Calendar */,
				F8B239211A0C39C900EDF456 /* CalendarTests */,
			);
		};
/* End PBXProject section */

/* Begin PBXResourcesBuildPhase section */
		F8B239071A0C39C900EDF456 /* Resources */ = {
			isa = PBXResourcesBuildPhase;
			buildActionMask = 2147483647;
			files = (
				F8B239181A0C39C900EDF456 /* Main.storyboard in Resources */,
				F8B2391D1A0C39C900EDF456 /* LaunchScreen.xib in Resources */,
				F8B2391A1A0C39C900EDF456 /* Images.xcassets in Resources */,
			);
			runOnlyForDeploymentPostprocessing = 0;
		};
		F8B239201A0C39C900EDF456 /* Resources */ = {
			isa = PBXResourcesBuildPhase;
			buildActionMask = 2147483647;
			files = (
			);
			runOnlyForDeploymentPostprocessing = 0;
		};
/* End PBXResourcesBuildPhase section */

/* Begin PBXSourcesBuildPhase section */
		F8B239051A0C39C900EDF456 /* Sources */ = {
			isa = PBXSourcesBuildPhase;
			buildActionMask = 2147483647;
			files = (
				F8B239341A0C3B8D00EDF456 /* CalendarViewController.m in Sources */,
				F8B239151A0C39C900EDF456 /* ViewController.m in Sources */,
				F8B239121A0C39C900EDF456 /* AppDelegate.m in Sources */,
				F8B2390F1A0C39C900EDF456 /* main.m in Sources */,
				F8B239371A0C3CEC00EDF456 /* Model.m in Sources */,
			);
			runOnlyForDeploymentPostprocessing = 0;
		};
		F8B2391E1A0C39C900EDF456 /* Sources */ = {
			isa = PBXSourcesBuildPhase;
			buildActionMask = 2147483647;
			files = (
				F8B239291A0C39C900EDF456 /* CalendarTests.m in Sources */,
			);
			runOnlyForDeploymentPostprocessing = 0;
		};
/* End PBXSourcesBuildPhase section */

/* Begin PBXTargetDependency section */
		F8B239241A0C39C900EDF456 /* PBXTargetDependency */ = {
			isa = PBXTargetDependency;
			target = F8B239081A0C39C900EDF456 /* Calendar */;
			targetProxy = F8B239231A0C39C900EDF456 /* PBXContainerItemProxy */;
		};
/* End PBXTargetDependency section */

/* Begin PBXVariantGroup section */
		F8B239161A0C39C900EDF456 /* Main.storyboard */ = {
			isa = PBXVariantGroup;
			children = (
				F8B239171A0C39C900EDF456 /* Base */,
			);
			name = Main.storyboard;
			sourceTree = "<group>";
		};
		F8B2391B1A0C39C900EDF456 /* LaunchScreen.xib */ = {
			isa = PBXVariantGroup;
			children = (
				F8B2391C1A0C39C900EDF456 /* Base */,
			);
			name = LaunchScreen.xib;
			sourceTree = "<group>";
		};
/* End PBXVariantGroup section */

/* Begin XCBuildConfiguration section */
		F8B2392A1A0C39C900EDF456 /* Debug */ = {
			isa = XCBuildConfiguration;
			buildSettings = {
				ALWAYS_SEARCH_USER_PATHS = NO;
				CLANG_CXX_LANGUAGE_STANDARD = "gnu++0x";
				CLANG_CXX_LIBRARY = "libc++";
				CLANG_ENABLE_MODULES = YES;
				CLANG_ENABLE_OBJC_ARC = YES;
				CLANG_WARN_BOOL_CONVERSION = YES;
				CLANG_WARN_CONSTANT_CONVERSION = YES;
				CLANG_WARN_DIRECT_OBJC_ISA_USAGE = YES_ERROR;
				CLANG_WARN_EMPTY_BODY = YES;
				CLANG_WARN_ENUM_CONVERSION = YES;
				CLANG_WARN_INT_CONVERSION = YES;
				CLANG_WARN_OBJC_ROOT_CLASS = YES_ERROR;
				CLANG_WARN_UNREACHABLE_CODE = YES;
				CLANG_WARN__DUPLICATE_METHOD_MATCH = YES;
				"CODE_SIGN_IDENTITY[sdk=iphoneos*]" = "iPhone Developer";
				COPY_PHASE_STRIP = NO;
				ENABLE_STRICT_OBJC_MSGSEND = YES;
				GCC_C_LANGUAGE_STANDARD = gnu99;
				GCC_DYNAMIC_NO_PIC = NO;
				GCC_OPTIMIZATION_LEVEL = 0;
				GCC_PREPROCESSOR_DEFINITIONS = (
					"DEBUG=1",
					"$(inherited)",
				);
				GCC_SYMBOLS_PRIVATE_EXTERN = NO;
				GCC_WARN_64_TO_32_BIT_CONVERSION = YES;
				GCC_WARN_ABOUT_RETURN_TYPE = YES_ERROR;
				GCC_WARN_UNDECLARED_SELECTOR = YES;
				GCC_WARN_UNINITIALIZED_AUTOS = YES_AGGRESSIVE;
				GCC_WARN_UNUSED_FUNCTION = YES;
				GCC_WARN_UNUSED_VARIABLE = YES;
				IPHONEOS_DEPLOYMENT_TARGET = 8.1;
				MTL_ENABLE_DEBUG_INFO = YES;
				ONLY_ACTIVE_ARCH = YES;
				SDKROOT = iphoneos;
				TARGETED_DEVICE_FAMILY = "1,2";
			};
			name = Debug;
		};
		F8B2392B1A0C39C900EDF456 /* Release */ = {
			isa = XCBuildConfiguration;
			buildSettings = {
				ALWAYS_SEARCH_USER_PATHS = NO;
				CLANG_CXX_LANGUAGE_STANDARD = "gnu++0x";
				CLANG_CXX_LIBRARY = "libc++";
				CLANG_ENABLE_MODULES = YES;
				CLANG_ENABLE_OBJC_ARC = YES;
				CLANG_WARN_BOOL_CONVERSION = YES;
				CLANG_WARN_CONSTANT_CONVERSION = YES;
				CLANG_WARN_DIRECT_OBJC_ISA_USAGE = YES_ERROR;
				CLANG_WARN_EMPTY_BODY = YES;
				CLANG_WARN_ENUM_CONVERSION = YES;
				CLANG_WARN_INT_CONVERSION = YES;
				CLANG_WARN_OBJC_ROOT_CLASS = YES_ERROR;
				CLANG_WARN_UNREACHABLE_CODE = YES;
				CLANG_WARN__DUPLICATE_METHOD_MATCH = YES;
				"CODE_SIGN_IDENTITY[sdk=iphoneos*]" = "iPhone Developer";
				COPY_PHASE_STRIP = YES;
				ENABLE_NS_ASSERTIONS = NO;
				ENABLE_STRICT_OBJC_MSGSEND = YES;
				GCC_C_LANGUAGE_STANDARD = gnu99;
				GCC_WARN_64_TO_32_BIT_CONVERSION = YES;
				GCC_WARN_ABOUT_RETURN_TYPE = YES_ERROR;
				GCC_WARN_UNDECLARED_SELECTOR = YES;
				GCC_WARN_UNINITIALIZED_AUTOS = YES_AGGRESSIVE;
				GCC_WARN_UNUSED_FUNCTION = YES;
				GCC_WARN_UNUSED_VARIABLE = YES;
				IPHONEOS_DEPLOYMENT_TARGET = 8.1;
				MTL_ENABLE_DEBUG_INFO = NO;
				SDKROOT = iphoneos;
				TARGETED_DEVICE_FAMILY = "1,2";
				VALIDATE_PRODUCT = YES;
			};
			name = Release;
		};
		F8B2392D1A0C39C900EDF456 /* Debug */ = {
			isa = XCBuildConfiguration;
			buildSettings = {
				ASSETCATALOG_COMPILER_APPICON_NAME = AppIcon;
				INFOPLIST_FILE = Calendar/Info.plist;
				IPHONEOS_DEPLOYMENT_TARGET = 8.0;
				LD_RUNPATH_SEARCH_PATHS = "$(inherited) @executable_path/Frameworks";
				PRODUCT_NAME = "$(TARGET_NAME)";
			};
			name = Debug;
		};
		F8B2392E1A0C39C900EDF456 /* Release */ = {
			isa = XCBuildConfiguration;
			buildSettings = {
				ASSETCATALOG_COMPILER_APPICON_NAME = AppIcon;
				INFOPLIST_FILE = Calendar/Info.plist;
				IPHONEOS_DEPLOYMENT_TARGET = 8.0;
				LD_RUNPATH_SEARCH_PATHS = "$(inherited) @executable_path/Frameworks";
				PRODUCT_NAME = "$(TARGET_NAME)";
			};
			name = Release;
		};
		F8B239301A0C39C900EDF456 /* Debug */ = {
			isa = XCBuildConfiguration;
			buildSettings = {
				BUNDLE_LOADER = "$(TEST_HOST)";
				FRAMEWORK_SEARCH_PATHS = (
					"$(SDKROOT)/Developer/Library/Frameworks",
					"$(inherited)",
				);
				GCC_PREPROCESSOR_DEFINITIONS = (
					"DEBUG=1",
					"$(inherited)",
				);
				INFOPLIST_FILE = CalendarTests/Info.plist;
				LD_RUNPATH_SEARCH_PATHS = "$(inherited) @executable_path/Frameworks @loader_path/Frameworks";
				PRODUCT_NAME = "$(TARGET_NAME)";
				TEST_HOST = "$(BUILT_PRODUCTS_DIR)/Calendar.app/Calendar";
			};
			name = Debug;
		};
		F8B239311A0C39C900EDF456 /* Release */ = {
			isa = XCBuildConfiguration;
			buildSettings = {
				BUNDLE_LOADER = "$(TEST_HOST)";
				FRAMEWORK_SEARCH_PATHS = (
					"$(SDKROOT)/Developer/Library/Frameworks",
					"$(inherited)",
				);
				INFOPLIST_FILE = CalendarTests/Info.plist;
				LD_RUNPATH_SEARCH_PATHS = "$(inherited) @executable_path/Frameworks @loader_path/Frameworks";
				PRODUCT_NAME = "$(TARGET_NAME)";
				TEST_HOST = "$(BUILT_PRODUCTS_DIR)/Calendar.app/Calendar";
			};
			name = Release;
		};
/* End XCBuildConfiguration section */

/* Begin XCConfigurationList section */
		F8B239041A0C39C900EDF456 /* Build configuration list for PBXProject "Calendar" */ = {
			isa = XCConfigurationList;
			buildConfigurations = (
				F8B2392A1A0C39C900EDF456 /* Debug */,
				F8B2392B1A0C39C900EDF456 /* Release */,
			);
			defaultConfigurationIsVisible = 0;
			defaultConfigurationName = Release;
		};
		F8B2392C1A0C39C900EDF456 /* Build configuration list for PBXNativeTarget "Calendar" */ = {
			isa = XCConfigurationList;
			buildConfigurations = (
				F8B2392D1A0C39C900EDF456 /* Debug */,
				F8B2392E1A0C39C900EDF456 /* Release */,
			);
			defaultConfigurationIsVisible = 0;
		};
		F8B2392F1A0C39C900EDF456 /* Build configuration list for PBXNativeTarget "CalendarTests" */ = {
			isa = XCConfigurationList;
			buildConfigurations = (
				F8B239301A0C39C900EDF456 /* Debug */,
				F8B239311A0C39C900EDF456 /* Release */,
			);
			defaultConfigurationIsVisible = 0;
		};
/* End XCConfigurationList section */
	};
	rootObject = F8B239011A0C39C900EDF456 /* Project object */;
}
