// !$*UTF8*$!
{
	archiveVersion = 1;
	classes = {
	};
	objectVersion = 46;
	objects = {

/* Begin PBXBuildFile section */
		F81F883A1A054BCC00889FF2 /* main.m in Sources */ = {isa = PBXBuildFile; fileRef = F81F88391A054BCC00889FF2 /* main.m */; };
		F81F883D1A054BCC00889FF2 /* AppDelegate.m in Sources */ = {isa = PBXBuildFile; fileRef = F81F883C1A054BCC00889FF2 /* AppDelegate.m */; };
		F81F88401A054BCC00889FF2 /* ViewController.m in Sources */ = {isa = PBXBuildFile; fileRef = F81F883F1A054BCC00889FF2 /* ViewController.m */; };
		F81F88431A054BCC00889FF2 /* Main.storyboard in Resources */ = {isa = PBXBuildFile; fileRef = F81F88411A054BCC00889FF2 /* Main.storyboard */; };
		F81F88451A054BCC00889FF2 /* Images.xcassets in Resources */ = {isa = PBXBuildFile; fileRef = F81F88441A054BCC00889FF2 /* Images.xcassets */; };
		F81F88481A054BCC00889FF2 /* LaunchScreen.xib in Resources */ = {isa = PBXBuildFile; fileRef = F81F88461A054BCC00889FF2 /* LaunchScreen.xib */; };
		F81F88541A054BCC00889FF2 /* Navegador_WebTests.m in Sources */ = {isa = PBXBuildFile; fileRef = F81F88531A054BCC00889FF2 /* Navegador_WebTests.m */; };
		F868C2DA1A09852400C63799 /* documento.pdf in Resources */ = {isa = PBXBuildFile; fileRef = F868C2D91A09852400C63799 /* documento.pdf */; };
/* End PBXBuildFile section */

/* Begin PBXContainerItemProxy section */
		F81F884E1A054BCC00889FF2 /* PBXContainerItemProxy */ = {
			isa = PBXContainerItemProxy;
			containerPortal = F81F882C1A054BCC00889FF2 /* Project object */;
			proxyType = 1;
			remoteGlobalIDString = F81F88331A054BCC00889FF2;
			remoteInfo = "Navegador Web";
		};
/* End PBXContainerItemProxy section */

/* Begin PBXFileReference section */
		F81F88341A054BCC00889FF2 /* Navegador Web.app */ = {isa = PBXFileReference; explicitFileType = wrapper.application; includeInIndex = 0; path = "Navegador Web.app"; sourceTree = BUILT_PRODUCTS_DIR; };
		F81F88381A054BCC00889FF2 /* Info.plist */ = {isa = PBXFileReference; lastKnownFileType = text.plist.xml; path = Info.plist; sourceTree = "<group>"; };
		F81F88391A054BCC00889FF2 /* main.m */ = {isa = PBXFileReference; lastKnownFileType = sourcecode.c.objc; path = main.m; sourceTree = "<group>"; };
		F81F883B1A054BCC00889FF2 /* AppDelegate.h */ = {isa = PBXFileReference; lastKnownFileType = sourcecode.c.h; path = AppDelegate.h; sourceTree = "<group>"; };
		F81F883C1A054BCC00889FF2 /* AppDelegate.m */ = {isa = PBXFileReference; lastKnownFileType = sourcecode.c.objc; path = AppDelegate.m; sourceTree = "<group>"; };
		F81F883E1A054BCC00889FF2 /* ViewController.h */ = {isa = PBXFileReference; lastKnownFileType = sourcecode.c.h; path = ViewController.h; sourceTree = "<group>"; };
		F81F883F1A054BCC00889FF2 /* ViewController.m */ = {isa = PBXFileReference; lastKnownFileType = sourcecode.c.objc; path = ViewController.m; sourceTree = "<group>"; };
		F81F88421A054BCC00889FF2 /* Base */ = {isa = PBXFileReference; lastKnownFileType = file.storyboard; name = Base; path = Base.lproj/Main.storyboard; sourceTree = "<group>"; };
		F81F88441A054BCC00889FF2 /* Images.xcassets */ = {isa = PBXFileReference; lastKnownFileType = folder.assetcatalog; path = Images.xcassets; sourceTree = "<group>"; };
		F81F88471A054BCC00889FF2 /* Base */ = {isa = PBXFileReference; lastKnownFileType = file.xib; name = Base; path = Base.lproj/LaunchScreen.xib; sourceTree = "<group>"; };
		F81F884D1A054BCC00889FF2 /* Navegador WebTests.xctest */ = {isa = PBXFileReference; explicitFileType = wrapper.cfbundle; includeInIndex = 0; path = "Navegador WebTests.xctest"; sourceTree = BUILT_PRODUCTS_DIR; };
		F81F88521A054BCC00889FF2 /* Info.plist */ = {isa = PBXFileReference; lastKnownFileType = text.plist.xml; path = Info.plist; sourceTree = "<group>"; };
		F81F88531A054BCC00889FF2 /* Navegador_WebTests.m */ = {isa = PBXFileReference; lastKnownFileType = sourcecode.c.objc; path = Navegador_WebTests.m; sourceTree = "<group>"; };
		F868C2D91A09852400C63799 /* documento.pdf */ = {isa = PBXFileReference; lastKnownFileType = image.pdf; path = documento.pdf; sourceTree = "<group>"; };
/* End PBXFileReference section */

/* Begin PBXFrameworksBuildPhase section */
		F81F88311A054BCC00889FF2 /* Frameworks */ = {
			isa = PBXFrameworksBuildPhase;
			buildActionMask = 2147483647;
			files = (
			);
			runOnlyForDeploymentPostprocessing = 0;
		};
		F81F884A1A054BCC00889FF2 /* Frameworks */ = {
			isa = PBXFrameworksBuildPhase;
			buildActionMask = 2147483647;
			files = (
			);
			runOnlyForDeploymentPostprocessing = 0;
		};
/* End PBXFrameworksBuildPhase section */

/* Begin PBXGroup section */
		F81F882B1A054BCC00889FF2 = {
			isa = PBXGroup;
			children = (
				F868C2D91A09852400C63799 /* documento.pdf */,
				F81F88361A054BCC00889FF2 /* Navegador Web */,
				F81F88501A054BCC00889FF2 /* Navegador WebTests */,
				F81F88351A054BCC00889FF2 /* Products */,
			);
			sourceTree = "<group>";
		};
		F81F88351A054BCC00889FF2 /* Products */ = {
			isa = PBXGroup;
			children = (
				F81F88341A054BCC00889FF2 /* Navegador Web.app */,
				F81F884D1A054BCC00889FF2 /* Navegador WebTests.xctest */,
			);
			name = Products;
			sourceTree = "<group>";
		};
		F81F88361A054BCC00889FF2 /* Navegador Web */ = {
			isa = PBXGroup;
			children = (
				F81F883B1A054BCC00889FF2 /* AppDelegate.h */,
				F81F883C1A054BCC00889FF2 /* AppDelegate.m */,
				F81F883E1A054BCC00889FF2 /* ViewController.h */,
				F81F883F1A054BCC00889FF2 /* ViewController.m */,
				F81F88411A054BCC00889FF2 /* Main.storyboard */,
				F81F88441A054BCC00889FF2 /* Images.xcassets */,
				F81F88461A054BCC00889FF2 /* LaunchScreen.xib */,
				F81F88371A054BCC00889FF2 /* Supporting Files */,
			);
			path = "Navegador Web";
			sourceTree = "<group>";
		};
		F81F88371A054BCC00889FF2 /* Supporting Files */ = {
			isa = PBXGroup;
			children = (
				F81F88381A054BCC00889FF2 /* Info.plist */,
				F81F88391A054BCC00889FF2 /* main.m */,
			);
			name = "Supporting Files";
			sourceTree = "<group>";
		};
		F81F88501A054BCC00889FF2 /* Navegador WebTests */ = {
			isa = PBXGroup;
			children = (
				F81F88531A054BCC00889FF2 /* Navegador_WebTests.m */,
				F81F88511A054BCC00889FF2 /* Supporting Files */,
			);
			path = "Navegador WebTests";
			sourceTree = "<group>";
		};
		F81F88511A054BCC00889FF2 /* Supporting Files */ = {
			isa = PBXGroup;
			children = (
				F81F88521A054BCC00889FF2 /* Info.plist */,
			);
			name = "Supporting Files";
			sourceTree = "<group>";
		};
/* End PBXGroup section */

/* Begin PBXNativeTarget section */
		F81F88331A054BCC00889FF2 /* Navegador Web */ = {
			isa = PBXNativeTarget;
			buildConfigurationList = F81F88571A054BCC00889FF2 /* Build configuration list for PBXNativeTarget "Navegador Web" */;
			buildPhases = (
				F81F88301A054BCC00889FF2 /* Sources */,
				F81F88311A054BCC00889FF2 /* Frameworks */,
				F81F88321A054BCC00889FF2 /* Resources */,
			);
			buildRules = (
			);
			dependencies = (
			);
			name = "Navegador Web";
			productName = "Navegador Web";
			productReference = F81F88341A054BCC00889FF2 /* Navegador Web.app */;
			productType = "com.apple.product-type.application";
		};
		F81F884C1A054BCC00889FF2 /* Navegador WebTests */ = {
			isa = PBXNativeTarget;
			buildConfigurationList = F81F885A1A054BCC00889FF2 /* Build configuration list for PBXNativeTarget "Navegador WebTests" */;
			buildPhases = (
				F81F88491A054BCC00889FF2 /* Sources */,
				F81F884A1A054BCC00889FF2 /* Frameworks */,
				F81F884B1A054BCC00889FF2 /* Resources */,
			);
			buildRules = (
			);
			dependencies = (
				F81F884F1A054BCC00889FF2 /* PBXTargetDependency */,
			);
			name = "Navegador WebTests";
			productName = "Navegador WebTests";
			productReference = F81F884D1A054BCC00889FF2 /* Navegador WebTests.xctest */;
			productType = "com.apple.product-type.bundle.unit-test";
		};
/* End PBXNativeTarget section */

/* Begin PBXProject section */
		F81F882C1A054BCC00889FF2 /* Project object */ = {
			isa = PBXProject;
			attributes = {
				LastUpgradeCheck = 0610;
				ORGANIZATIONNAME = Profesor;
				TargetAttributes = {
					F81F88331A054BCC00889FF2 = {
						CreatedOnToolsVersion = 6.1;
					};
					F81F884C1A054BCC00889FF2 = {
						CreatedOnToolsVersion = 6.1;
						TestTargetID = F81F88331A054BCC00889FF2;
					};
				};
			};
			buildConfigurationList = F81F882F1A054BCC00889FF2 /* Build configuration list for PBXProject "Navegador Web" */;
			compatibilityVersion = "Xcode 3.2";
			developmentRegion = English;
			hasScannedForEncodings = 0;
			knownRegions = (
				en,
				Base,
			);
			mainGroup = F81F882B1A054BCC00889FF2;
			productRefGroup = F81F88351A054BCC00889FF2 /* Products */;
			projectDirPath = "";
			projectRoot = "";
			targets = (
				F81F88331A054BCC00889FF2 /* Navegador Web */,
				F81F884C1A054BCC00889FF2 /* Navegador WebTests */,
			);
		};
/* End PBXProject section */

/* Begin PBXResourcesBuildPhase section */
		F81F88321A054BCC00889FF2 /* Resources */ = {
			isa = PBXResourcesBuildPhase;
			buildActionMask = 2147483647;
			files = (
				F81F88431A054BCC00889FF2 /* Main.storyboard in Resources */,
				F81F88481A054BCC00889FF2 /* LaunchScreen.xib in Resources */,
				F81F88451A054BCC00889FF2 /* Images.xcassets in Resources */,
				F868C2DA1A09852400C63799 /* documento.pdf in Resources */,
			);
			runOnlyForDeploymentPostprocessing = 0;
		};
		F81F884B1A054BCC00889FF2 /* Resources */ = {
			isa = PBXResourcesBuildPhase;
			buildActionMask = 2147483647;
			files = (
			);
			runOnlyForDeploymentPostprocessing = 0;
		};
/* End PBXResourcesBuildPhase section */

/* Begin PBXSourcesBuildPhase section */
		F81F88301A054BCC00889FF2 /* Sources */ = {
			isa = PBXSourcesBuildPhase;
			buildActionMask = 2147483647;
			files = (
				F81F88401A054BCC00889FF2 /* ViewController.m in Sources */,
				F81F883D1A054BCC00889FF2 /* AppDelegate.m in Sources */,
				F81F883A1A054BCC00889FF2 /* main.m in Sources */,
			);
			runOnlyForDeploymentPostprocessing = 0;
		};
		F81F88491A054BCC00889FF2 /* Sources */ = {
			isa = PBXSourcesBuildPhase;
			buildActionMask = 2147483647;
			files = (
				F81F88541A054BCC00889FF2 /* Navegador_WebTests.m in Sources */,
			);
			runOnlyForDeploymentPostprocessing = 0;
		};
/* End PBXSourcesBuildPhase section */

/* Begin PBXTargetDependency section */
		F81F884F1A054BCC00889FF2 /* PBXTargetDependency */ = {
			isa = PBXTargetDependency;
			target = F81F88331A054BCC00889FF2 /* Navegador Web */;
			targetProxy = F81F884E1A054BCC00889FF2 /* PBXContainerItemProxy */;
		};
/* End PBXTargetDependency section */

/* Begin PBXVariantGroup section */
		F81F88411A054BCC00889FF2 /* Main.storyboard */ = {
			isa = PBXVariantGroup;
			children = (
				F81F88421A054BCC00889FF2 /* Base */,
			);
			name = Main.storyboard;
			sourceTree = "<group>";
		};
		F81F88461A054BCC00889FF2 /* LaunchScreen.xib */ = {
			isa = PBXVariantGroup;
			children = (
				F81F88471A054BCC00889FF2 /* Base */,
			);
			name = LaunchScreen.xib;
			sourceTree = "<group>";
		};
/* End PBXVariantGroup section */

/* Begin XCBuildConfiguration section */
		F81F88551A054BCC00889FF2 /* Debug */ = {
			isa = XCBuildConfiguration;
			buildSettings = {
				ALWAYS_SEARCH_USER_PATHS = NO;
				CLANG_CXX_LANGUAGE_STANDARD = "gnu++0x";
				CLANG_CXX_LIBRARY = "libc++";
				CLANG_ENABLE_MODULES = YES;
				CLANG_ENABLE_OBJC_ARC = YES;
				CLANG_WARN_BOOL_CONVERSION = YES;
				CLANG_WARN_CONSTANT_CONVERSION = YES;
				CLANG_WARN_DIRECT_OBJC_ISA_USAGE = YES_ERROR;
				CLANG_WARN_EMPTY_BODY = YES;
				CLANG_WARN_ENUM_CONVERSION = YES;
				CLANG_WARN_INT_CONVERSION = YES;
				CLANG_WARN_OBJC_ROOT_CLASS = YES_ERROR;
				CLANG_WARN_UNREACHABLE_CODE = YES;
				CLANG_WARN__DUPLICATE_METHOD_MATCH = YES;
				"CODE_SIGN_IDENTITY[sdk=iphoneos*]" = "iPhone Developer";
				COPY_PHASE_STRIP = NO;
				ENABLE_STRICT_OBJC_MSGSEND = YES;
				GCC_C_LANGUAGE_STANDARD = gnu99;
				GCC_DYNAMIC_NO_PIC = NO;
				GCC_OPTIMIZATION_LEVEL = 0;
				GCC_PREPROCESSOR_DEFINITIONS = (
					"DEBUG=1",
					"$(inherited)",
				);
				GCC_SYMBOLS_PRIVATE_EXTERN = NO;
				GCC_WARN_64_TO_32_BIT_CONVERSION = YES;
				GCC_WARN_ABOUT_RETURN_TYPE = YES_ERROR;
				GCC_WARN_UNDECLARED_SELECTOR = YES;
				GCC_WARN_UNINITIALIZED_AUTOS = YES_AGGRESSIVE;
				GCC_WARN_UNUSED_FUNCTION = YES;
				GCC_WARN_UNUSED_VARIABLE = YES;
				IPHONEOS_DEPLOYMENT_TARGET = 8.1;
				MTL_ENABLE_DEBUG_INFO = YES;
				ONLY_ACTIVE_ARCH = YES;
				SDKROOT = iphoneos;
			};
			name = Debug;
		};
		F81F88561A054BCC00889FF2 /* Release */ = {
			isa = XCBuildConfiguration;
			buildSettings = {
				ALWAYS_SEARCH_USER_PATHS = NO;
				CLANG_CXX_LANGUAGE_STANDARD = "gnu++0x";
				CLANG_CXX_LIBRARY = "libc++";
				CLANG_ENABLE_MODULES = YES;
				CLANG_ENABLE_OBJC_ARC = YES;
				CLANG_WARN_BOOL_CONVERSION = YES;
				CLANG_WARN_CONSTANT_CONVERSION = YES;
				CLANG_WARN_DIRECT_OBJC_ISA_USAGE = YES_ERROR;
				CLANG_WARN_EMPTY_BODY = YES;
				CLANG_WARN_ENUM_CONVERSION = YES;
				CLANG_WARN_INT_CONVERSION = YES;
				CLANG_WARN_OBJC_ROOT_CLASS = YES_ERROR;
				CLANG_WARN_UNREACHABLE_CODE = YES;
				CLANG_WARN__DUPLICATE_METHOD_MATCH = YES;
				"CODE_SIGN_IDENTITY[sdk=iphoneos*]" = "iPhone Developer";
				COPY_PHASE_STRIP = YES;
				ENABLE_NS_ASSERTIONS = NO;
				ENABLE_STRICT_OBJC_MSGSEND = YES;
				GCC_C_LANGUAGE_STANDARD = gnu99;
				GCC_WARN_64_TO_32_BIT_CONVERSION = YES;
				GCC_WARN_ABOUT_RETURN_TYPE = YES_ERROR;
				GCC_WARN_UNDECLARED_SELECTOR = YES;
				GCC_WARN_UNINITIALIZED_AUTOS = YES_AGGRESSIVE;
				GCC_WARN_UNUSED_FUNCTION = YES;
				GCC_WARN_UNUSED_VARIABLE = YES;
				IPHONEOS_DEPLOYMENT_TARGET = 8.1;
				MTL_ENABLE_DEBUG_INFO = NO;
				SDKROOT = iphoneos;
				VALIDATE_PRODUCT = YES;
			};
			name = Release;
		};
		F81F88581A054BCC00889FF2 /* Debug */ = {
			isa = XCBuildConfiguration;
			buildSettings = {
				ASSETCATALOG_COMPILER_APPICON_NAME = AppIcon;
				INFOPLIST_FILE = "Navegador Web/Info.plist";
				IPHONEOS_DEPLOYMENT_TARGET = 8.0;
				LD_RUNPATH_SEARCH_PATHS = "$(inherited) @executable_path/Frameworks";
				PRODUCT_NAME = "$(TARGET_NAME)";
			};
			name = Debug;
		};
		F81F88591A054BCC00889FF2 /* Release */ = {
			isa = XCBuildConfiguration;
			buildSettings = {
				ASSETCATALOG_COMPILER_APPICON_NAME = AppIcon;
				INFOPLIST_FILE = "Navegador Web/Info.plist";
				IPHONEOS_DEPLOYMENT_TARGET = 8.0;
				LD_RUNPATH_SEARCH_PATHS = "$(inherited) @executable_path/Frameworks";
				PRODUCT_NAME = "$(TARGET_NAME)";
			};
			name = Release;
		};
		F81F885B1A054BCC00889FF2 /* Debug */ = {
			isa = XCBuildConfiguration;
			buildSettings = {
				BUNDLE_LOADER = "$(TEST_HOST)";
				FRAMEWORK_SEARCH_PATHS = (
					"$(SDKROOT)/Developer/Library/Frameworks",
					"$(inherited)",
				);
				GCC_PREPROCESSOR_DEFINITIONS = (
					"DEBUG=1",
					"$(inherited)",
				);
				INFOPLIST_FILE = "Navegador WebTests/Info.plist";
				LD_RUNPATH_SEARCH_PATHS = "$(inherited) @executable_path/Frameworks @loader_path/Frameworks";
				PRODUCT_NAME = "$(TARGET_NAME)";
				TEST_HOST = "$(BUILT_PRODUCTS_DIR)/Navegador Web.app/Navegador Web";
			};
			name = Debug;
		};
		F81F885C1A054BCC00889FF2 /* Release */ = {
			isa = XCBuildConfiguration;
			buildSettings = {
				BUNDLE_LOADER = "$(TEST_HOST)";
				FRAMEWORK_SEARCH_PATHS = (
					"$(SDKROOT)/Developer/Library/Frameworks",
					"$(inherited)",
				);
				INFOPLIST_FILE = "Navegador WebTests/Info.plist";
				LD_RUNPATH_SEARCH_PATHS = "$(inherited) @executable_path/Frameworks @loader_path/Frameworks";
				PRODUCT_NAME = "$(TARGET_NAME)";
				TEST_HOST = "$(BUILT_PRODUCTS_DIR)/Navegador Web.app/Navegador Web";
			};
			name = Release;
		};
/* End XCBuildConfiguration section */

/* Begin XCConfigurationList section */
		F81F882F1A054BCC00889FF2 /* Build configuration list for PBXProject "Navegador Web" */ = {
			isa = XCConfigurationList;
			buildConfigurations = (
				F81F88551A054BCC00889FF2 /* Debug */,
				F81F88561A054BCC00889FF2 /* Release */,
			);
			defaultConfigurationIsVisible = 0;
			defaultConfigurationName = Release;
		};
		F81F88571A054BCC00889FF2 /* Build configuration list for PBXNativeTarget "Navegador Web" */ = {
			isa = XCConfigurationList;
			buildConfigurations = (
				F81F88581A054BCC00889FF2 /* Debug */,
				F81F88591A054BCC00889FF2 /* Release */,
			);
			defaultConfigurationIsVisible = 0;
			defaultConfigurationName = Release;
		};
		F81F885A1A054BCC00889FF2 /* Build configuration list for PBXNativeTarget "Navegador WebTests" */ = {
			isa = XCConfigurationList;
			buildConfigurations = (
				F81F885B1A054BCC00889FF2 /* Debug */,
				F81F885C1A054BCC00889FF2 /* Release */,
			);
			defaultConfigurationIsVisible = 0;
			defaultConfigurationName = Release;
		};
/* End XCConfigurationList section */
	};
	rootObject = F81F882C1A054BCC00889FF2 /* Project object */;
}
